
Microsoft Visual Studio Solution File, Format Version 12.00
# Visual Studio Version 16
VisualStudioVersion = 16.0.30907.101
MinimumVisualStudioVersion = 10.0.40219.1
Project("{FAE04EC0-301F-11D3-BF4B-00C04F79EFBC}") = "PcGamerStore", "PcGamerStore\PcGamerStore.csproj", "{3118CF9D-B6A2-4C57-BE77-79A399D044AB}"
EndProject
Global
	GlobalSection(SolutionConfigurationPlatforms) = preSolution
		Debug|Any CPU = Debug|Any CPU
		Release|Any CPU = Release|Any CPU
	EndGlobalSection
	GlobalSection(ProjectConfigurationPlatforms) = postSolution
		{3118CF9D-B6A2-4C57-BE77-79A399D044AB}.Debug|Any CPU.ActiveCfg = Debug|Any CPU
		{3118CF9D-B6A2-4C57-BE77-79A399D044AB}.Debug|Any CPU.Build.0 = Debug|Any CPU
		{3118CF9D-B6A2-4C57-BE77-79A399D044AB}.Release|Any CPU.ActiveCfg = Release|Any CPU
		{3118CF9D-B6A2-4C57-BE77-79A399D044AB}.Release|Any CPU.Build.0 = Release|Any CPU
	EndGlobalSection
	GlobalSection(SolutionProperties) = preSolution
		HideSolutionNode = FALSE
	EndGlobalSection
	GlobalSection(ExtensibilityGlobals) = postSolution
		SolutionGuid = {8CF84A0F-E327-4810-A097-9A087D058E73}
	EndGlobalSection
EndGlobal
